
Microsoft Visual Studio Solution File, Format Version 12.00
# Visual Studio Version 17
VisualStudioVersion = 17.0.32112.339
MinimumVisualStudioVersion = 10.0.40219.1
Project("{FAE04EC0-301F-11D3-BF4B-00C04F79EFBC}") = "TaskLauncher", "TaskLauncher.csproj", "{2AA8A24C-BE83-4324-AABC-65CA4C1FAE0B}"
EndProject
Global
	GlobalSection(SolutionConfigurationPlatforms) = preSolution
		Debug|Any CPU = Debug|Any CPU
		Release|Any CPU = Release|Any CPU
	EndGlobalSection
	GlobalSection(ProjectConfigurationPlatforms) = postSolution
		{2AA8A24C-BE83-4324-AABC-65CA4C1FAE0B}.Debug|Any CPU.ActiveCfg = Debug|Any CPU
		{2AA8A24C-BE83-4324-AABC-65CA4C1FAE0B}.Debug|Any CPU.Build.0 = Debug|Any CPU
		{2AA8A24C-BE83-4324-AABC-65CA4C1FAE0B}.Release|Any CPU.ActiveCfg = Release|Any CPU
		{2AA8A24C-BE83-4324-AABC-65CA4C1FAE0B}.Release|Any CPU.Build.0 = Release|Any CPU
	EndGlobalSection
	GlobalSection(SolutionProperties) = preSolution
		HideSolutionNode = FALSE
	EndGlobalSection
	GlobalSection(ExtensibilityGlobals) = postSolution
		SolutionGuid = {80864065-D933-4D00-9B5E-810D79758953}
	EndGlobalSection
EndGlobal
